
Microsoft Visual Studio Solution File, Format Version 12.00
# Visual Studio 14
VisualStudioVersion = 14.0.23107.0
MinimumVisualStudioVersion = 10.0.40219.1
Project("{FAE04EC0-301F-11D3-BF4B-00C04F79EFBC}") = "GitMeet.Droid", "GitMeet\GitMeet.Droid\GitMeet.Droid.csproj", "{37598067-C97E-483A-B9A0-BD735F370227}"
EndProject
Project("{FAE04EC0-301F-11D3-BF4B-00C04F79EFBC}") = "GitMeet.iOS", "GitMeet\GitMeet.iOS\GitMeet.iOS.csproj", "{AD41603D-F7F4-4CA4-A5D3-231F8291F5E1}"
EndProject
Project("{FAE04EC0-301F-11D3-BF4B-00C04F79EFBC}") = "GitMeet.WinPhone", "GitMeet\GitMeet.WinPhone\GitMeet.WinPhone.csproj", "{B71D0941-2CAB-4138-9895-08C0C8CDD8DE}"
EndProject
Project("{FAE04EC0-301F-11D3-BF4B-00C04F79EFBC}") = "GitMeet", "GitMeet\GitMeet\GitMeet.csproj", "{EEDF5C25-E88B-485E-8817-4A269F07AF34}"
EndProject
Project("{2150E333-8FDC-42A3-9474-1A3956D46DE8}") = "GitMeet", "GitMeet", "{B196B6A0-3687-4CF0-A869-DCBB36619252}"
EndProject
Global
	GlobalSection(SolutionConfigurationPlatforms) = preSolution
		Ad-Hoc|Any CPU = Ad-Hoc|Any CPU
		Ad-Hoc|ARM = Ad-Hoc|ARM
		Ad-Hoc|iPhone = Ad-Hoc|iPhone
		Ad-Hoc|iPhoneSimulator = Ad-Hoc|iPhoneSimulator
		Ad-Hoc|x86 = Ad-Hoc|x86
		AppStore|Any CPU = AppStore|Any CPU
		AppStore|ARM = AppStore|ARM
		AppStore|iPhone = AppStore|iPhone
		AppStore|iPhoneSimulator = AppStore|iPhoneSimulator
		AppStore|x86 = AppStore|x86
		Debug|Any CPU = Debug|Any CPU
		Debug|ARM = Debug|ARM
		Debug|iPhone = Debug|iPhone
		Debug|iPhoneSimulator = Debug|iPhoneSimulator
		Debug|x86 = Debug|x86
		Release|Any CPU = Release|Any CPU
		Release|ARM = Release|ARM
		Release|iPhone = Release|iPhone
		Release|iPhoneSimulator = Release|iPhoneSimulator
		Release|x86 = Release|x86
	EndGlobalSection
	GlobalSection(ProjectConfigurationPlatforms) = postSolution
		{37598067-C97E-483A-B9A0-BD735F370227}.Ad-Hoc|Any CPU.ActiveCfg = Release|Any CPU
		{37598067-C97E-483A-B9A0-BD735F370227}.Ad-Hoc|Any CPU.Build.0 = Release|Any CPU
		{37598067-C97E-483A-B9A0-BD735F370227}.Ad-Hoc|Any CPU.Deploy.0 = Release|Any CPU
		{37598067-C97E-483A-B9A0-BD735F370227}.Ad-Hoc|ARM.ActiveCfg = Release|Any CPU
		{37598067-C97E-483A-B9A0-BD735F370227}.Ad-Hoc|ARM.Build.0 = Release|Any CPU
		{37598067-C97E-483A-B9A0-BD735F370227}.Ad-Hoc|ARM.Deploy.0 = Release|Any CPU
		{37598067-C97E-483A-B9A0-BD735F370227}.Ad-Hoc|iPhone.ActiveCfg = Release|Any CPU
		{37598067-C97E-483A-B9A0-BD735F370227}.Ad-Hoc|iPhone.Build.0 = Release|Any CPU
		{37598067-C97E-483A-B9A0-BD735F370227}.Ad-Hoc|iPhone.Deploy.0 = Release|Any CPU
		{37598067-C97E-483A-B9A0-BD735F370227}.Ad-Hoc|iPhoneSimulator.ActiveCfg = Release|Any CPU
		{37598067-C97E-483A-B9A0-BD735F370227}.Ad-Hoc|iPhoneSimulator.Build.0 = Release|Any CPU
		{37598067-C97E-483A-B9A0-BD735F370227}.Ad-Hoc|iPhoneSimulator.Deploy.0 = Release|Any CPU
		{37598067-C97E-483A-B9A0-BD735F370227}.Ad-Hoc|x86.ActiveCfg = Release|Any CPU
		{37598067-C97E-483A-B9A0-BD735F370227}.Ad-Hoc|x86.Build.0 = Release|Any CPU
		{37598067-C97E-483A-B9A0-BD735F370227}.Ad-Hoc|x86.Deploy.0 = Release|Any CPU
		{37598067-C97E-483A-B9A0-BD735F370227}.AppStore|Any CPU.ActiveCfg = Release|Any CPU
		{37598067-C97E-483A-B9A0-BD735F370227}.AppStore|Any CPU.Build.0 = Release|Any CPU
		{37598067-C97E-483A-B9A0-BD735F370227}.AppStore|Any CPU.Deploy.0 = Release|Any CPU
		{37598067-C97E-483A-B9A0-BD735F370227}.AppStore|ARM.ActiveCfg = Release|Any CPU
		{37598067-C97E-483A-B9A0-BD735F370227}.AppStore|ARM.Build.0 = Release|Any CPU
		{37598067-C97E-483A-B9A0-BD735F370227}.AppStore|ARM.Deploy.0 = Release|Any CPU
		{37598067-C97E-483A-B9A0-BD735F370227}.AppStore|iPhone.ActiveCfg = Release|Any CPU
		{37598067-C97E-483A-B9A0-BD735F370227}.AppStore|iPhone.Build.0 = Release|Any CPU
		{37598067-C97E-483A-B9A0-BD735F370227}.AppStore|iPhone.Deploy.0 = Release|Any CPU
		{37598067-C97E-483A-B9A0-BD735F370227}.AppStore|iPhoneSimulator.ActiveCfg = Release|Any CPU
		{37598067-C97E-483A-B9A0-BD735F370227}.AppStore|iPhoneSimulator.Build.0 = Release|Any CPU
		{37598067-C97E-483A-B9A0-BD735F370227}.AppStore|iPhoneSimulator.Deploy.0 = Release|Any CPU
		{37598067-C97E-483A-B9A0-BD735F370227}.AppStore|x86.ActiveCfg = Release|Any CPU
		{37598067-C97E-483A-B9A0-BD735F370227}.AppStore|x86.Build.0 = Release|Any CPU
		{37598067-C97E-483A-B9A0-BD735F370227}.AppStore|x86.Deploy.0 = Release|Any CPU
		{37598067-C97E-483A-B9A0-BD735F370227}.Debug|Any CPU.ActiveCfg = Debug|Any CPU
		{37598067-C97E-483A-B9A0-BD735F370227}.Debug|Any CPU.Build.0 = Debug|Any CPU
		{37598067-C97E-483A-B9A0-BD735F370227}.Debug|Any CPU.Deploy.0 = Debug|Any CPU
		{37598067-C97E-483A-B9A0-BD735F370227}.Debug|ARM.ActiveCfg = Debug|Any CPU
		{37598067-C97E-483A-B9A0-BD735F370227}.Debug|ARM.Build.0 = Debug|Any CPU
		{37598067-C97E-483A-B9A0-BD735F370227}.Debug|ARM.Deploy.0 = Debug|Any CPU
		{37598067-C97E-483A-B9A0-BD735F370227}.Debug|iPhone.ActiveCfg = Debug|Any CPU
		{37598067-C97E-483A-B9A0-BD735F370227}.Debug|iPhone.Build.0 = Debug|Any CPU
		{37598067-C97E-483A-B9A0-BD735F370227}.Debug|iPhone.Deploy.0 = Debug|Any CPU
		{37598067-C97E-483A-B9A0-BD735F370227}.Debug|iPhoneSimulator.ActiveCfg = Debug|Any CPU
		{37598067-C97E-483A-B9A0-BD735F370227}.Debug|iPhoneSimulator.Build.0 = Debug|Any CPU
		{37598067-C97E-483A-B9A0-BD735F370227}.Debug|iPhoneSimulator.Deploy.0 = Debug|Any CPU
		{37598067-C97E-483A-B9A0-BD735F370227}.Debug|x86.ActiveCfg = Debug|Any CPU
		{37598067-C97E-483A-B9A0-BD735F370227}.Debug|x86.Build.0 = Debug|Any CPU
		{37598067-C97E-483A-B9A0-BD735F370227}.Debug|x86.Deploy.0 = Debug|Any CPU
		{37598067-C97E-483A-B9A0-BD735F370227}.Release|Any CPU.ActiveCfg = Release|Any CPU
		{37598067-C97E-483A-B9A0-BD735F370227}.Release|Any CPU.Build.0 = Release|Any CPU
		{37598067-C97E-483A-B9A0-BD735F370227}.Release|Any CPU.Deploy.0 = Release|Any CPU
		{37598067-C97E-483A-B9A0-BD735F370227}.Release|ARM.ActiveCfg = Release|Any CPU
		{37598067-C97E-483A-B9A0-BD735F370227}.Release|ARM.Build.0 = Release|Any CPU
		{37598067-C97E-483A-B9A0-BD735F370227}.Release|ARM.Deploy.0 = Release|Any CPU
		{37598067-C97E-483A-B9A0-BD735F370227}.Release|iPhone.ActiveCfg = Release|Any CPU
		{37598067-C97E-483A-B9A0-BD735F370227}.Release|iPhone.Build.0 = Release|Any CPU
		{37598067-C97E-483A-B9A0-BD735F370227}.Release|iPhone.Deploy.0 = Release|Any CPU
		{37598067-C97E-483A-B9A0-BD735F370227}.Release|iPhoneSimulator.ActiveCfg = Release|Any CPU
		{37598067-C97E-483A-B9A0-BD735F370227}.Release|iPhoneSimulator.Build.0 = Release|Any CPU
		{37598067-C97E-483A-B9A0-BD735F370227}.Release|iPhoneSimulator.Deploy.0 = Release|Any CPU
		{37598067-C97E-483A-B9A0-BD735F370227}.Release|x86.ActiveCfg = Release|Any CPU
		{37598067-C97E-483A-B9A0-BD735F370227}.Release|x86.Build.0 = Release|Any CPU
		{37598067-C97E-483A-B9A0-BD735F370227}.Release|x86.Deploy.0 = Release|Any CPU
		{AD41603D-F7F4-4CA4-A5D3-231F8291F5E1}.Ad-Hoc|Any CPU.ActiveCfg = Ad-Hoc|iPhone
		{AD41603D-F7F4-4CA4-A5D3-231F8291F5E1}.Ad-Hoc|ARM.ActiveCfg = Ad-Hoc|iPhone
		{AD41603D-F7F4-4CA4-A5D3-231F8291F5E1}.Ad-Hoc|iPhone.ActiveCfg = Ad-Hoc|iPhone
		{AD41603D-F7F4-4CA4-A5D3-231F8291F5E1}.Ad-Hoc|iPhone.Build.0 = Ad-Hoc|iPhone
		{AD41603D-F7F4-4CA4-A5D3-231F8291F5E1}.Ad-Hoc|iPhoneSimulator.ActiveCfg = Ad-Hoc|iPhoneSimulator
		{AD41603D-F7F4-4CA4-A5D3-231F8291F5E1}.Ad-Hoc|iPhoneSimulator.Build.0 = Ad-Hoc|iPhoneSimulator
		{AD41603D-F7F4-4CA4-A5D3-231F8291F5E1}.Ad-Hoc|x86.ActiveCfg = Ad-Hoc|iPhone
		{AD41603D-F7F4-4CA4-A5D3-231F8291F5E1}.AppStore|Any CPU.ActiveCfg = AppStore|iPhone
		{AD41603D-F7F4-4CA4-A5D3-231F8291F5E1}.AppStore|ARM.ActiveCfg = AppStore|iPhone
		{AD41603D-F7F4-4CA4-A5D3-231F8291F5E1}.AppStore|iPhone.ActiveCfg = AppStore|iPhone
		{AD41603D-F7F4-4CA4-A5D3-231F8291F5E1}.AppStore|iPhone.Build.0 = AppStore|iPhone
		{AD41603D-F7F4-4CA4-A5D3-231F8291F5E1}.AppStore|iPhoneSimulator.ActiveCfg = AppStore|iPhoneSimulator
		{AD41603D-F7F4-4CA4-A5D3-231F8291F5E1}.AppStore|iPhoneSimulator.Build.0 = AppStore|iPhoneSimulator
		{AD41603D-F7F4-4CA4-A5D3-231F8291F5E1}.AppStore|x86.ActiveCfg = AppStore|iPhone
		{AD41603D-F7F4-4CA4-A5D3-231F8291F5E1}.Debug|Any CPU.ActiveCfg = Debug|iPhone
		{AD41603D-F7F4-4CA4-A5D3-231F8291F5E1}.Debug|ARM.ActiveCfg = Debug|iPhone
		{AD41603D-F7F4-4CA4-A5D3-231F8291F5E1}.Debug|iPhone.ActiveCfg = Debug|iPhone
		{AD41603D-F7F4-4CA4-A5D3-231F8291F5E1}.Debug|iPhone.Build.0 = Debug|iPhone
		{AD41603D-F7F4-4CA4-A5D3-231F8291F5E1}.Debug|iPhoneSimulator.ActiveCfg = Debug|iPhoneSimulator
		{AD41603D-F7F4-4CA4-A5D3-231F8291F5E1}.Debug|iPhoneSimulator.Build.0 = Debug|iPhoneSimulator
		{AD41603D-F7F4-4CA4-A5D3-231F8291F5E1}.Debug|x86.ActiveCfg = Debug|iPhone
		{AD41603D-F7F4-4CA4-A5D3-231F8291F5E1}.Release|Any CPU.ActiveCfg = Release|iPhone
		{AD41603D-F7F4-4CA4-A5D3-231F8291F5E1}.Release|ARM.ActiveCfg = Release|iPhone
		{AD41603D-F7F4-4CA4-A5D3-231F8291F5E1}.Release|iPhone.ActiveCfg = Release|iPhone
		{AD41603D-F7F4-4CA4-A5D3-231F8291F5E1}.Release|iPhone.Build.0 = Release|iPhone
		{AD41603D-F7F4-4CA4-A5D3-231F8291F5E1}.Release|iPhoneSimulator.ActiveCfg = Release|iPhoneSimulator
		{AD41603D-F7F4-4CA4-A5D3-231F8291F5E1}.Release|iPhoneSimulator.Build.0 = Release|iPhoneSimulator
		{AD41603D-F7F4-4CA4-A5D3-231F8291F5E1}.Release|x86.ActiveCfg = Release|iPhone
		{B71D0941-2CAB-4138-9895-08C0C8CDD8DE}.Ad-Hoc|Any CPU.ActiveCfg = Release|Any CPU
		{B71D0941-2CAB-4138-9895-08C0C8CDD8DE}.Ad-Hoc|Any CPU.Build.0 = Release|Any CPU
		{B71D0941-2CAB-4138-9895-08C0C8CDD8DE}.Ad-Hoc|Any CPU.Deploy.0 = Release|Any CPU
		{B71D0941-2CAB-4138-9895-08C0C8CDD8DE}.Ad-Hoc|ARM.ActiveCfg = Release|ARM
		{B71D0941-2CAB-4138-9895-08C0C8CDD8DE}.Ad-Hoc|ARM.Build.0 = Release|ARM
		{B71D0941-2CAB-4138-9895-08C0C8CDD8DE}.Ad-Hoc|ARM.Deploy.0 = Release|ARM
		{B71D0941-2CAB-4138-9895-08C0C8CDD8DE}.Ad-Hoc|iPhone.ActiveCfg = Release|Any CPU
		{B71D0941-2CAB-4138-9895-08C0C8CDD8DE}.Ad-Hoc|iPhone.Build.0 = Release|Any CPU
		{B71D0941-2CAB-4138-9895-08C0C8CDD8DE}.Ad-Hoc|iPhone.Deploy.0 = Release|Any CPU
		{B71D0941-2CAB-4138-9895-08C0C8CDD8DE}.Ad-Hoc|iPhoneSimulator.ActiveCfg = Release|Any CPU
		{B71D0941-2CAB-4138-9895-08C0C8CDD8DE}.Ad-Hoc|iPhoneSimulator.Build.0 = Release|Any CPU
		{B71D0941-2CAB-4138-9895-08C0C8CDD8DE}.Ad-Hoc|iPhoneSimulator.Deploy.0 = Release|Any CPU
		{B71D0941-2CAB-4138-9895-08C0C8CDD8DE}.Ad-Hoc|x86.ActiveCfg = Release|x86
		{B71D0941-2CAB-4138-9895-08C0C8CDD8DE}.Ad-Hoc|x86.Build.0 = Release|x86
		{B71D0941-2CAB-4138-9895-08C0C8CDD8DE}.Ad-Hoc|x86.Deploy.0 = Release|x86
		{B71D0941-2CAB-4138-9895-08C0C8CDD8DE}.AppStore|Any CPU.ActiveCfg = Release|Any CPU
		{B71D0941-2CAB-4138-9895-08C0C8CDD8DE}.AppStore|Any CPU.Build.0 = Release|Any CPU
		{B71D0941-2CAB-4138-9895-08C0C8CDD8DE}.AppStore|Any CPU.Deploy.0 = Release|Any CPU
		{B71D0941-2CAB-4138-9895-08C0C8CDD8DE}.AppStore|ARM.ActiveCfg = Release|ARM
		{B71D0941-2CAB-4138-9895-08C0C8CDD8DE}.AppStore|ARM.Build.0 = Release|ARM
		{B71D0941-2CAB-4138-9895-08C0C8CDD8DE}.AppStore|ARM.Deploy.0 = Release|ARM
		{B71D0941-2CAB-4138-9895-08C0C8CDD8DE}.AppStore|iPhone.ActiveCfg = Release|Any CPU
		{B71D0941-2CAB-4138-9895-08C0C8CDD8DE}.AppStore|iPhone.Build.0 = Release|Any CPU
		{B71D0941-2CAB-4138-9895-08C0C8CDD8DE}.AppStore|iPhone.Deploy.0 = Release|Any CPU
		{B71D0941-2CAB-4138-9895-08C0C8CDD8DE}.AppStore|iPhoneSimulator.ActiveCfg = Release|Any CPU
		{B71D0941-2CAB-4138-9895-08C0C8CDD8DE}.AppStore|iPhoneSimulator.Build.0 = Release|Any CPU
		{B71D0941-2CAB-4138-9895-08C0C8CDD8DE}.AppStore|iPhoneSimulator.Deploy.0 = Release|Any CPU
		{B71D0941-2CAB-4138-9895-08C0C8CDD8DE}.AppStore|x86.ActiveCfg = Release|x86
		{B71D0941-2CAB-4138-9895-08C0C8CDD8DE}.AppStore|x86.Build.0 = Release|x86
		{B71D0941-2CAB-4138-9895-08C0C8CDD8DE}.AppStore|x86.Deploy.0 = Release|x86
		{B71D0941-2CAB-4138-9895-08C0C8CDD8DE}.Debug|Any CPU.ActiveCfg = Debug|Any CPU
		{B71D0941-2CAB-4138-9895-08C0C8CDD8DE}.Debug|Any CPU.Build.0 = Debug|Any CPU
		{B71D0941-2CAB-4138-9895-08C0C8CDD8DE}.Debug|Any CPU.Deploy.0 = Debug|Any CPU
		{B71D0941-2CAB-4138-9895-08C0C8CDD8DE}.Debug|ARM.ActiveCfg = Debug|ARM
		{B71D0941-2CAB-4138-9895-08C0C8CDD8DE}.Debug|ARM.Build.0 = Debug|ARM
		{B71D0941-2CAB-4138-9895-08C0C8CDD8DE}.Debug|ARM.Deploy.0 = Debug|ARM
		{B71D0941-2CAB-4138-9895-08C0C8CDD8DE}.Debug|iPhone.ActiveCfg = Debug|Any CPU
		{B71D0941-2CAB-4138-9895-08C0C8CDD8DE}.Debug|iPhone.Build.0 = Debug|Any CPU
		{B71D0941-2CAB-4138-9895-08C0C8CDD8DE}.Debug|iPhone.Deploy.0 = Debug|Any CPU
		{B71D0941-2CAB-4138-9895-08C0C8CDD8DE}.Debug|iPhoneSimulator.ActiveCfg = Debug|Any CPU
		{B71D0941-2CAB-4138-9895-08C0C8CDD8DE}.Debug|iPhoneSimulator.Build.0 = Debug|Any CPU
		{B71D0941-2CAB-4138-9895-08C0C8CDD8DE}.Debug|iPhoneSimulator.Deploy.0 = Debug|Any CPU
		{B71D0941-2CAB-4138-9895-08C0C8CDD8DE}.Debug|x86.ActiveCfg = Debug|x86
		{B71D0941-2CAB-4138-9895-08C0C8CDD8DE}.Debug|x86.Build.0 = Debug|x86
		{B71D0941-2CAB-4138-9895-08C0C8CDD8DE}.Debug|x86.Deploy.0 = Debug|x86
		{B71D0941-2CAB-4138-9895-08C0C8CDD8DE}.Release|Any CPU.ActiveCfg = Release|Any CPU
		{B71D0941-2CAB-4138-9895-08C0C8CDD8DE}.Release|Any CPU.Build.0 = Release|Any CPU
		{B71D0941-2CAB-4138-9895-08C0C8CDD8DE}.Release|Any CPU.Deploy.0 = Release|Any CPU
		{B71D0941-2CAB-4138-9895-08C0C8CDD8DE}.Release|ARM.ActiveCfg = Release|ARM
		{B71D0941-2CAB-4138-9895-08C0C8CDD8DE}.Release|ARM.Build.0 = Release|ARM
		{B71D0941-2CAB-4138-9895-08C0C8CDD8DE}.Release|ARM.Deploy.0 = Release|ARM
		{B71D0941-2CAB-4138-9895-08C0C8CDD8DE}.Release|iPhone.ActiveCfg = Release|Any CPU
		{B71D0941-2CAB-4138-9895-08C0C8CDD8DE}.Release|iPhone.Build.0 = Release|Any CPU
		{B71D0941-2CAB-4138-9895-08C0C8CDD8DE}.Release|iPhone.Deploy.0 = Release|Any CPU
		{B71D0941-2CAB-4138-9895-08C0C8CDD8DE}.Release|iPhoneSimulator.ActiveCfg = Release|Any CPU
		{B71D0941-2CAB-4138-9895-08C0C8CDD8DE}.Release|iPhoneSimulator.Build.0 = Release|Any CPU
		{B71D0941-2CAB-4138-9895-08C0C8CDD8DE}.Release|iPhoneSimulator.Deploy.0 = Release|Any CPU
		{B71D0941-2CAB-4138-9895-08C0C8CDD8DE}.Release|x86.ActiveCfg = Release|x86
		{B71D0941-2CAB-4138-9895-08C0C8CDD8DE}.Release|x86.Build.0 = Release|x86
		{B71D0941-2CAB-4138-9895-08C0C8CDD8DE}.Release|x86.Deploy.0 = Release|x86
		{EEDF5C25-E88B-485E-8817-4A269F07AF34}.Ad-Hoc|Any CPU.ActiveCfg = Release|Any CPU
		{EEDF5C25-E88B-485E-8817-4A269F07AF34}.Ad-Hoc|Any CPU.Build.0 = Release|Any CPU
		{EEDF5C25-E88B-485E-8817-4A269F07AF34}.Ad-Hoc|ARM.ActiveCfg = Release|Any CPU
		{EEDF5C25-E88B-485E-8817-4A269F07AF34}.Ad-Hoc|ARM.Build.0 = Release|Any CPU
		{EEDF5C25-E88B-485E-8817-4A269F07AF34}.Ad-Hoc|iPhone.ActiveCfg = Release|Any CPU
		{EEDF5C25-E88B-485E-8817-4A269F07AF34}.Ad-Hoc|iPhone.Build.0 = Release|Any CPU
		{EEDF5C25-E88B-485E-8817-4A269F07AF34}.Ad-Hoc|iPhoneSimulator.ActiveCfg = Release|Any CPU
		{EEDF5C25-E88B-485E-8817-4A269F07AF34}.Ad-Hoc|iPhoneSimulator.Build.0 = Release|Any CPU
		{EEDF5C25-E88B-485E-8817-4A269F07AF34}.Ad-Hoc|x86.ActiveCfg = Release|Any CPU
		{EEDF5C25-E88B-485E-8817-4A269F07AF34}.Ad-Hoc|x86.Build.0 = Release|Any CPU
		{EEDF5C25-E88B-485E-8817-4A269F07AF34}.AppStore|Any CPU.ActiveCfg = Release|Any CPU
		{EEDF5C25-E88B-485E-8817-4A269F07AF34}.AppStore|Any CPU.Build.0 = Release|Any CPU
		{EEDF5C25-E88B-485E-8817-4A269F07AF34}.AppStore|ARM.ActiveCfg = Release|Any CPU
		{EEDF5C25-E88B-485E-8817-4A269F07AF34}.AppStore|ARM.Build.0 = Release|Any CPU
		{EEDF5C25-E88B-485E-8817-4A269F07AF34}.AppStore|iPhone.ActiveCfg = Release|Any CPU
		{EEDF5C25-E88B-485E-8817-4A269F07AF34}.AppStore|iPhone.Build.0 = Release|Any CPU
		{EEDF5C25-E88B-485E-8817-4A269F07AF34}.AppStore|iPhoneSimulator.ActiveCfg = Release|Any CPU
		{EEDF5C25-E88B-485E-8817-4A269F07AF34}.AppStore|iPhoneSimulator.Build.0 = Release|Any CPU
		{EEDF5C25-E88B-485E-8817-4A269F07AF34}.AppStore|x86.ActiveCfg = Release|Any CPU
		{EEDF5C25-E88B-485E-8817-4A269F07AF34}.AppStore|x86.Build.0 = Release|Any CPU
		{EEDF5C25-E88B-485E-8817-4A269F07AF34}.Debug|Any CPU.ActiveCfg = Debug|Any CPU
		{EEDF5C25-E88B-485E-8817-4A269F07AF34}.Debug|Any CPU.Build.0 = Debug|Any CPU
		{EEDF5C25-E88B-485E-8817-4A269F07AF34}.Debug|ARM.ActiveCfg = Debug|Any CPU
		{EEDF5C25-E88B-485E-8817-4A269F07AF34}.Debug|ARM.Build.0 = Debug|Any CPU
		{EEDF5C25-E88B-485E-8817-4A269F07AF34}.Debug|iPhone.ActiveCfg = Debug|Any CPU
		{EEDF5C25-E88B-485E-8817-4A269F07AF34}.Debug|iPhone.Build.0 = Debug|Any CPU
		{EEDF5C25-E88B-485E-8817-4A269F07AF34}.Debug|iPhoneSimulator.ActiveCfg = Debug|Any CPU
		{EEDF5C25-E88B-485E-8817-4A269F07AF34}.Debug|iPhoneSimulator.Build.0 = Debug|Any CPU
		{EEDF5C25-E88B-485E-8817-4A269F07AF34}.Debug|x86.ActiveCfg = Debug|Any CPU
		{EEDF5C25-E88B-485E-8817-4A269F07AF34}.Debug|x86.Build.0 = Debug|Any CPU
		{EEDF5C25-E88B-485E-8817-4A269F07AF34}.Release|Any CPU.ActiveCfg = Release|Any CPU
		{EEDF5C25-E88B-485E-8817-4A269F07AF34}.Release|Any CPU.Build.0 = Release|Any CPU
		{EEDF5C25-E88B-485E-8817-4A269F07AF34}.Release|ARM.ActiveCfg = Release|Any CPU
		{EEDF5C25-E88B-485E-8817-4A269F07AF34}.Release|ARM.Build.0 = Release|Any CPU
		{EEDF5C25-E88B-485E-8817-4A269F07AF34}.Release|iPhone.ActiveCfg = Release|Any CPU
		{EEDF5C25-E88B-485E-8817-4A269F07AF34}.Release|iPhone.Build.0 = Release|Any CPU
		{EEDF5C25-E88B-485E-8817-4A269F07AF34}.Release|iPhoneSimulator.ActiveCfg = Release|Any CPU
		{EEDF5C25-E88B-485E-8817-4A269F07AF34}.Release|iPhoneSimulator.Build.0 = Release|Any CPU
		{EEDF5C25-E88B-485E-8817-4A269F07AF34}.Release|x86.ActiveCfg = Release|Any CPU
		{EEDF5C25-E88B-485E-8817-4A269F07AF34}.Release|x86.Build.0 = Release|Any CPU
	EndGlobalSection
	GlobalSection(SolutionProperties) = preSolution
		HideSolutionNode = FALSE
	EndGlobalSection
	GlobalSection(NestedProjects) = preSolution
		{37598067-C97E-483A-B9A0-BD735F370227} = {B196B6A0-3687-4CF0-A869-DCBB36619252}
		{AD41603D-F7F4-4CA4-A5D3-231F8291F5E1} = {B196B6A0-3687-4CF0-A869-DCBB36619252}
		{B71D0941-2CAB-4138-9895-08C0C8CDD8DE} = {B196B6A0-3687-4CF0-A869-DCBB36619252}
		{EEDF5C25-E88B-485E-8817-4A269F07AF34} = {B196B6A0-3687-4CF0-A869-DCBB36619252}
	EndGlobalSection
EndGlobal
